
Microsoft Visual Studio Solution File, Format Version 12.00
# Visual Studio Version 17
VisualStudioVersion = 17.5.33424.131
MinimumVisualStudioVersion = 10.0.40219.1
Project("{FAE04EC0-301F-11D3-BF4B-00C04F79EFBC}") = "DersUygulamasi2.Android", "DersUygulamasi2\DersUygulamasi2.Android\DersUygulamasi2.Android.csproj", "{7C54BC5B-7418-4F82-9DF5-47A9B6EC5A9B}"
EndProject
Project("{FAE04EC0-301F-11D3-BF4B-00C04F79EFBC}") = "DersUygulamasi2.iOS", "DersUygulamasi2\DersUygulamasi2.iOS\DersUygulamasi2.iOS.csproj", "{64DDB9D7-00E8-45E5-B3A8-2A574F6BB16F}"
EndProject
Project("{FAE04EC0-301F-11D3-BF4B-00C04F79EFBC}") = "DersUygulamasi2", "DersUygulamasi2\DersUygulamasi2\DersUygulamasi2.csproj", "{4C66C8D7-5E12-4415-926F-98816776E63E}"
EndProject
Global
	GlobalSection(SolutionConfigurationPlatforms) = preSolution
		Debug|Any CPU = Debug|Any CPU
		Debug|iPhone = Debug|iPhone
		Debug|iPhoneSimulator = Debug|iPhoneSimulator
		Release|Any CPU = Release|Any CPU
		Release|iPhone = Release|iPhone
		Release|iPhoneSimulator = Release|iPhoneSimulator
	EndGlobalSection
	GlobalSection(ProjectConfigurationPlatforms) = postSolution
		{7C54BC5B-7418-4F82-9DF5-47A9B6EC5A9B}.Debug|Any CPU.ActiveCfg = Debug|Any CPU
		{7C54BC5B-7418-4F82-9DF5-47A9B6EC5A9B}.Debug|Any CPU.Build.0 = Debug|Any CPU
		{7C54BC5B-7418-4F82-9DF5-47A9B6EC5A9B}.Debug|Any CPU.Deploy.0 = Debug|Any CPU
		{7C54BC5B-7418-4F82-9DF5-47A9B6EC5A9B}.Debug|iPhone.ActiveCfg = Debug|Any CPU
		{7C54BC5B-7418-4F82-9DF5-47A9B6EC5A9B}.Debug|iPhone.Build.0 = Debug|Any CPU
		{7C54BC5B-7418-4F82-9DF5-47A9B6EC5A9B}.Debug|iPhone.Deploy.0 = Debug|Any CPU
		{7C54BC5B-7418-4F82-9DF5-47A9B6EC5A9B}.Debug|iPhoneSimulator.ActiveCfg = Debug|Any CPU
		{7C54BC5B-7418-4F82-9DF5-47A9B6EC5A9B}.Debug|iPhoneSimulator.Build.0 = Debug|Any CPU
		{7C54BC5B-7418-4F82-9DF5-47A9B6EC5A9B}.Debug|iPhoneSimulator.Deploy.0 = Debug|Any CPU
		{7C54BC5B-7418-4F82-9DF5-47A9B6EC5A9B}.Release|Any CPU.ActiveCfg = Release|Any CPU
		{7C54BC5B-7418-4F82-9DF5-47A9B6EC5A9B}.Release|Any CPU.Build.0 = Release|Any CPU
		{7C54BC5B-7418-4F82-9DF5-47A9B6EC5A9B}.Release|Any CPU.Deploy.0 = Release|Any CPU
		{7C54BC5B-7418-4F82-9DF5-47A9B6EC5A9B}.Release|iPhone.ActiveCfg = Release|Any CPU
		{7C54BC5B-7418-4F82-9DF5-47A9B6EC5A9B}.Release|iPhone.Build.0 = Release|Any CPU
		{7C54BC5B-7418-4F82-9DF5-47A9B6EC5A9B}.Release|iPhone.Deploy.0 = Release|Any CPU
		{7C54BC5B-7418-4F82-9DF5-47A9B6EC5A9B}.Release|iPhoneSimulator.ActiveCfg = Release|Any CPU
		{7C54BC5B-7418-4F82-9DF5-47A9B6EC5A9B}.Release|iPhoneSimulator.Build.0 = Release|Any CPU
		{7C54BC5B-7418-4F82-9DF5-47A9B6EC5A9B}.Release|iPhoneSimulator.Deploy.0 = Release|Any CPU
		{64DDB9D7-00E8-45E5-B3A8-2A574F6BB16F}.Debug|Any CPU.ActiveCfg = Debug|iPhone
		{64DDB9D7-00E8-45E5-B3A8-2A574F6BB16F}.Debug|Any CPU.Build.0 = Debug|iPhone
		{64DDB9D7-00E8-45E5-B3A8-2A574F6BB16F}.Debug|Any CPU.Deploy.0 = Debug|iPhone
		{64DDB9D7-00E8-45E5-B3A8-2A574F6BB16F}.Debug|iPhone.ActiveCfg = Debug|iPhone
		{64DDB9D7-00E8-45E5-B3A8-2A574F6BB16F}.Debug|iPhone.Build.0 = Debug|iPhone
		{64DDB9D7-00E8-45E5-B3A8-2A574F6BB16F}.Debug|iPhone.Deploy.0 = Debug|iPhone
		{64DDB9D7-00E8-45E5-B3A8-2A574F6BB16F}.Debug|iPhoneSimulator.ActiveCfg = Debug|iPhoneSimulator
		{64DDB9D7-00E8-45E5-B3A8-2A574F6BB16F}.Debug|iPhoneSimulator.Build.0 = Debug|iPhoneSimulator
		{64DDB9D7-00E8-45E5-B3A8-2A574F6BB16F}.Debug|iPhoneSimulator.Deploy.0 = Debug|iPhoneSimulator
		{64DDB9D7-00E8-45E5-B3A8-2A574F6BB16F}.Release|Any CPU.ActiveCfg = Release|iPhoneSimulator
		{64DDB9D7-00E8-45E5-B3A8-2A574F6BB16F}.Release|Any CPU.Build.0 = Release|iPhoneSimulator
		{64DDB9D7-00E8-45E5-B3A8-2A574F6BB16F}.Release|Any CPU.Deploy.0 = Release|iPhoneSimulator
		{64DDB9D7-00E8-45E5-B3A8-2A574F6BB16F}.Release|iPhone.ActiveCfg = Release|iPhone
		{64DDB9D7-00E8-45E5-B3A8-2A574F6BB16F}.Release|iPhone.Build.0 = Release|iPhone
		{64DDB9D7-00E8-45E5-B3A8-2A574F6BB16F}.Release|iPhone.Deploy.0 = Release|iPhone
		{64DDB9D7-00E8-45E5-B3A8-2A574F6BB16F}.Release|iPhoneSimulator.ActiveCfg = Release|iPhoneSimulator
		{64DDB9D7-00E8-45E5-B3A8-2A574F6BB16F}.Release|iPhoneSimulator.Build.0 = Release|iPhoneSimulator
		{64DDB9D7-00E8-45E5-B3A8-2A574F6BB16F}.Release|iPhoneSimulator.Deploy.0 = Release|iPhoneSimulator
		{4C66C8D7-5E12-4415-926F-98816776E63E}.Debug|Any CPU.ActiveCfg = Debug|Any CPU
		{4C66C8D7-5E12-4415-926F-98816776E63E}.Debug|Any CPU.Build.0 = Debug|Any CPU
		{4C66C8D7-5E12-4415-926F-98816776E63E}.Debug|Any CPU.Deploy.0 = Debug|Any CPU
		{4C66C8D7-5E12-4415-926F-98816776E63E}.Debug|iPhone.ActiveCfg = Debug|Any CPU
		{4C66C8D7-5E12-4415-926F-98816776E63E}.Debug|iPhone.Build.0 = Debug|Any CPU
		{4C66C8D7-5E12-4415-926F-98816776E63E}.Debug|iPhone.Deploy.0 = Debug|Any CPU
		{4C66C8D7-5E12-4415-926F-98816776E63E}.Debug|iPhoneSimulator.ActiveCfg = Debug|Any CPU
		{4C66C8D7-5E12-4415-926F-98816776E63E}.Debug|iPhoneSimulator.Build.0 = Debug|Any CPU
		{4C66C8D7-5E12-4415-926F-98816776E63E}.Debug|iPhoneSimulator.Deploy.0 = Debug|Any CPU
		{4C66C8D7-5E12-4415-926F-98816776E63E}.Release|Any CPU.ActiveCfg = Release|Any CPU
		{4C66C8D7-5E12-4415-926F-98816776E63E}.Release|Any CPU.Build.0 = Release|Any CPU
		{4C66C8D7-5E12-4415-926F-98816776E63E}.Release|Any CPU.Deploy.0 = Release|Any CPU
		{4C66C8D7-5E12-4415-926F-98816776E63E}.Release|iPhone.ActiveCfg = Release|Any CPU
		{4C66C8D7-5E12-4415-926F-98816776E63E}.Release|iPhone.Build.0 = Release|Any CPU
		{4C66C8D7-5E12-4415-926F-98816776E63E}.Release|iPhone.Deploy.0 = Release|Any CPU
		{4C66C8D7-5E12-4415-926F-98816776E63E}.Release|iPhoneSimulator.ActiveCfg = Release|Any CPU
		{4C66C8D7-5E12-4415-926F-98816776E63E}.Release|iPhoneSimulator.Build.0 = Release|Any CPU
		{4C66C8D7-5E12-4415-926F-98816776E63E}.Release|iPhoneSimulator.Deploy.0 = Release|Any CPU
	EndGlobalSection
	GlobalSection(SolutionProperties) = preSolution
		HideSolutionNode = FALSE
	EndGlobalSection
	GlobalSection(ExtensibilityGlobals) = postSolution
		SolutionGuid = {054A7168-9D05-4E04-A7AF-CA232F974B0C}
	EndGlobalSection
EndGlobal
