
Microsoft Visual Studio Solution File, Format Version 12.00
# Visual Studio Version 17
VisualStudioVersion = 17.5.33516.290
MinimumVisualStudioVersion = 10.0.40219.1
Project("{FAE04EC0-301F-11D3-BF4B-00C04F79EFBC}") = "DersUygulamasi17.Android", "DersUygulamasi17\DersUygulamasi17.Android\DersUygulamasi17.Android.csproj", "{C925B4A5-D6E3-42F5-88F9-F6824FA93F15}"
EndProject
Project("{FAE04EC0-301F-11D3-BF4B-00C04F79EFBC}") = "DersUygulamasi17.iOS", "DersUygulamasi17\DersUygulamasi17.iOS\DersUygulamasi17.iOS.csproj", "{379E3ED8-3715-4B15-85CC-E299A5DDB03D}"
EndProject
Project("{FAE04EC0-301F-11D3-BF4B-00C04F79EFBC}") = "DersUygulamasi17", "DersUygulamasi17\DersUygulamasi17\DersUygulamasi17.csproj", "{2C4CA16D-E752-4B79-8164-FCC5C5B7DB96}"
EndProject
Global
	GlobalSection(SolutionConfigurationPlatforms) = preSolution
		Debug|Any CPU = Debug|Any CPU
		Debug|iPhone = Debug|iPhone
		Debug|iPhoneSimulator = Debug|iPhoneSimulator
		Release|Any CPU = Release|Any CPU
		Release|iPhone = Release|iPhone
		Release|iPhoneSimulator = Release|iPhoneSimulator
	EndGlobalSection
	GlobalSection(ProjectConfigurationPlatforms) = postSolution
		{C925B4A5-D6E3-42F5-88F9-F6824FA93F15}.Debug|Any CPU.ActiveCfg = Debug|Any CPU
		{C925B4A5-D6E3-42F5-88F9-F6824FA93F15}.Debug|Any CPU.Build.0 = Debug|Any CPU
		{C925B4A5-D6E3-42F5-88F9-F6824FA93F15}.Debug|Any CPU.Deploy.0 = Debug|Any CPU
		{C925B4A5-D6E3-42F5-88F9-F6824FA93F15}.Debug|iPhone.ActiveCfg = Debug|Any CPU
		{C925B4A5-D6E3-42F5-88F9-F6824FA93F15}.Debug|iPhone.Build.0 = Debug|Any CPU
		{C925B4A5-D6E3-42F5-88F9-F6824FA93F15}.Debug|iPhone.Deploy.0 = Debug|Any CPU
		{C925B4A5-D6E3-42F5-88F9-F6824FA93F15}.Debug|iPhoneSimulator.ActiveCfg = Debug|Any CPU
		{C925B4A5-D6E3-42F5-88F9-F6824FA93F15}.Debug|iPhoneSimulator.Build.0 = Debug|Any CPU
		{C925B4A5-D6E3-42F5-88F9-F6824FA93F15}.Debug|iPhoneSimulator.Deploy.0 = Debug|Any CPU
		{C925B4A5-D6E3-42F5-88F9-F6824FA93F15}.Release|Any CPU.ActiveCfg = Release|Any CPU
		{C925B4A5-D6E3-42F5-88F9-F6824FA93F15}.Release|Any CPU.Build.0 = Release|Any CPU
		{C925B4A5-D6E3-42F5-88F9-F6824FA93F15}.Release|Any CPU.Deploy.0 = Release|Any CPU
		{C925B4A5-D6E3-42F5-88F9-F6824FA93F15}.Release|iPhone.ActiveCfg = Release|Any CPU
		{C925B4A5-D6E3-42F5-88F9-F6824FA93F15}.Release|iPhone.Build.0 = Release|Any CPU
		{C925B4A5-D6E3-42F5-88F9-F6824FA93F15}.Release|iPhone.Deploy.0 = Release|Any CPU
		{C925B4A5-D6E3-42F5-88F9-F6824FA93F15}.Release|iPhoneSimulator.ActiveCfg = Release|Any CPU
		{C925B4A5-D6E3-42F5-88F9-F6824FA93F15}.Release|iPhoneSimulator.Build.0 = Release|Any CPU
		{C925B4A5-D6E3-42F5-88F9-F6824FA93F15}.Release|iPhoneSimulator.Deploy.0 = Release|Any CPU
		{379E3ED8-3715-4B15-85CC-E299A5DDB03D}.Debug|Any CPU.ActiveCfg = Debug|iPhone
		{379E3ED8-3715-4B15-85CC-E299A5DDB03D}.Debug|Any CPU.Build.0 = Debug|iPhone
		{379E3ED8-3715-4B15-85CC-E299A5DDB03D}.Debug|Any CPU.Deploy.0 = Debug|iPhone
		{379E3ED8-3715-4B15-85CC-E299A5DDB03D}.Debug|iPhone.ActiveCfg = Debug|iPhone
		{379E3ED8-3715-4B15-85CC-E299A5DDB03D}.Debug|iPhone.Build.0 = Debug|iPhone
		{379E3ED8-3715-4B15-85CC-E299A5DDB03D}.Debug|iPhone.Deploy.0 = Debug|iPhone
		{379E3ED8-3715-4B15-85CC-E299A5DDB03D}.Debug|iPhoneSimulator.ActiveCfg = Debug|iPhoneSimulator
		{379E3ED8-3715-4B15-85CC-E299A5DDB03D}.Debug|iPhoneSimulator.Build.0 = Debug|iPhoneSimulator
		{379E3ED8-3715-4B15-85CC-E299A5DDB03D}.Debug|iPhoneSimulator.Deploy.0 = Debug|iPhoneSimulator
		{379E3ED8-3715-4B15-85CC-E299A5DDB03D}.Release|Any CPU.ActiveCfg = Release|iPhoneSimulator
		{379E3ED8-3715-4B15-85CC-E299A5DDB03D}.Release|Any CPU.Build.0 = Release|iPhoneSimulator
		{379E3ED8-3715-4B15-85CC-E299A5DDB03D}.Release|Any CPU.Deploy.0 = Release|iPhoneSimulator
		{379E3ED8-3715-4B15-85CC-E299A5DDB03D}.Release|iPhone.ActiveCfg = Release|iPhone
		{379E3ED8-3715-4B15-85CC-E299A5DDB03D}.Release|iPhone.Build.0 = Release|iPhone
		{379E3ED8-3715-4B15-85CC-E299A5DDB03D}.Release|iPhone.Deploy.0 = Release|iPhone
		{379E3ED8-3715-4B15-85CC-E299A5DDB03D}.Release|iPhoneSimulator.ActiveCfg = Release|iPhoneSimulator
		{379E3ED8-3715-4B15-85CC-E299A5DDB03D}.Release|iPhoneSimulator.Build.0 = Release|iPhoneSimulator
		{379E3ED8-3715-4B15-85CC-E299A5DDB03D}.Release|iPhoneSimulator.Deploy.0 = Release|iPhoneSimulator
		{2C4CA16D-E752-4B79-8164-FCC5C5B7DB96}.Debug|Any CPU.ActiveCfg = Debug|Any CPU
		{2C4CA16D-E752-4B79-8164-FCC5C5B7DB96}.Debug|Any CPU.Build.0 = Debug|Any CPU
		{2C4CA16D-E752-4B79-8164-FCC5C5B7DB96}.Debug|Any CPU.Deploy.0 = Debug|Any CPU
		{2C4CA16D-E752-4B79-8164-FCC5C5B7DB96}.Debug|iPhone.ActiveCfg = Debug|Any CPU
		{2C4CA16D-E752-4B79-8164-FCC5C5B7DB96}.Debug|iPhone.Build.0 = Debug|Any CPU
		{2C4CA16D-E752-4B79-8164-FCC5C5B7DB96}.Debug|iPhone.Deploy.0 = Debug|Any CPU
		{2C4CA16D-E752-4B79-8164-FCC5C5B7DB96}.Debug|iPhoneSimulator.ActiveCfg = Debug|Any CPU
		{2C4CA16D-E752-4B79-8164-FCC5C5B7DB96}.Debug|iPhoneSimulator.Build.0 = Debug|Any CPU
		{2C4CA16D-E752-4B79-8164-FCC5C5B7DB96}.Debug|iPhoneSimulator.Deploy.0 = Debug|Any CPU
		{2C4CA16D-E752-4B79-8164-FCC5C5B7DB96}.Release|Any CPU.ActiveCfg = Release|Any CPU
		{2C4CA16D-E752-4B79-8164-FCC5C5B7DB96}.Release|Any CPU.Build.0 = Release|Any CPU
		{2C4CA16D-E752-4B79-8164-FCC5C5B7DB96}.Release|Any CPU.Deploy.0 = Release|Any CPU
		{2C4CA16D-E752-4B79-8164-FCC5C5B7DB96}.Release|iPhone.ActiveCfg = Release|Any CPU
		{2C4CA16D-E752-4B79-8164-FCC5C5B7DB96}.Release|iPhone.Build.0 = Release|Any CPU
		{2C4CA16D-E752-4B79-8164-FCC5C5B7DB96}.Release|iPhone.Deploy.0 = Release|Any CPU
		{2C4CA16D-E752-4B79-8164-FCC5C5B7DB96}.Release|iPhoneSimulator.ActiveCfg = Release|Any CPU
		{2C4CA16D-E752-4B79-8164-FCC5C5B7DB96}.Release|iPhoneSimulator.Build.0 = Release|Any CPU
		{2C4CA16D-E752-4B79-8164-FCC5C5B7DB96}.Release|iPhoneSimulator.Deploy.0 = Release|Any CPU
	EndGlobalSection
	GlobalSection(SolutionProperties) = preSolution
		HideSolutionNode = FALSE
	EndGlobalSection
	GlobalSection(ExtensibilityGlobals) = postSolution
		SolutionGuid = {F7AE7B20-78AA-4766-9B4E-4FD747728E13}
	EndGlobalSection
EndGlobal
