
Microsoft Visual Studio Solution File, Format Version 12.00
# Visual Studio Version 17
VisualStudioVersion = 17.5.33516.290
MinimumVisualStudioVersion = 10.0.40219.1
Project("{FAE04EC0-301F-11D3-BF4B-00C04F79EFBC}") = "DersUygulmasi6.Android", "DersUygulmasi6\DersUygulmasi6.Android\DersUygulmasi6.Android.csproj", "{5FA90186-E5D3-4149-934A-4677D3ECB081}"
EndProject
Project("{FAE04EC0-301F-11D3-BF4B-00C04F79EFBC}") = "DersUygulmasi6.iOS", "DersUygulmasi6\DersUygulmasi6.iOS\DersUygulmasi6.iOS.csproj", "{7F5DB56D-9AC7-4D60-B2DC-53A27E6316C1}"
EndProject
Project("{FAE04EC0-301F-11D3-BF4B-00C04F79EFBC}") = "DersUygulmasi6", "DersUygulmasi6\DersUygulmasi6\DersUygulmasi6.csproj", "{7660B6A8-8FF1-4280-B343-BEFE733A8D01}"
EndProject
Global
	GlobalSection(SolutionConfigurationPlatforms) = preSolution
		Debug|Any CPU = Debug|Any CPU
		Debug|iPhone = Debug|iPhone
		Debug|iPhoneSimulator = Debug|iPhoneSimulator
		Release|Any CPU = Release|Any CPU
		Release|iPhone = Release|iPhone
		Release|iPhoneSimulator = Release|iPhoneSimulator
	EndGlobalSection
	GlobalSection(ProjectConfigurationPlatforms) = postSolution
		{5FA90186-E5D3-4149-934A-4677D3ECB081}.Debug|Any CPU.ActiveCfg = Debug|Any CPU
		{5FA90186-E5D3-4149-934A-4677D3ECB081}.Debug|Any CPU.Build.0 = Debug|Any CPU
		{5FA90186-E5D3-4149-934A-4677D3ECB081}.Debug|Any CPU.Deploy.0 = Debug|Any CPU
		{5FA90186-E5D3-4149-934A-4677D3ECB081}.Debug|iPhone.ActiveCfg = Debug|Any CPU
		{5FA90186-E5D3-4149-934A-4677D3ECB081}.Debug|iPhone.Build.0 = Debug|Any CPU
		{5FA90186-E5D3-4149-934A-4677D3ECB081}.Debug|iPhone.Deploy.0 = Debug|Any CPU
		{5FA90186-E5D3-4149-934A-4677D3ECB081}.Debug|iPhoneSimulator.ActiveCfg = Debug|Any CPU
		{5FA90186-E5D3-4149-934A-4677D3ECB081}.Debug|iPhoneSimulator.Build.0 = Debug|Any CPU
		{5FA90186-E5D3-4149-934A-4677D3ECB081}.Debug|iPhoneSimulator.Deploy.0 = Debug|Any CPU
		{5FA90186-E5D3-4149-934A-4677D3ECB081}.Release|Any CPU.ActiveCfg = Release|Any CPU
		{5FA90186-E5D3-4149-934A-4677D3ECB081}.Release|Any CPU.Build.0 = Release|Any CPU
		{5FA90186-E5D3-4149-934A-4677D3ECB081}.Release|Any CPU.Deploy.0 = Release|Any CPU
		{5FA90186-E5D3-4149-934A-4677D3ECB081}.Release|iPhone.ActiveCfg = Release|Any CPU
		{5FA90186-E5D3-4149-934A-4677D3ECB081}.Release|iPhone.Build.0 = Release|Any CPU
		{5FA90186-E5D3-4149-934A-4677D3ECB081}.Release|iPhone.Deploy.0 = Release|Any CPU
		{5FA90186-E5D3-4149-934A-4677D3ECB081}.Release|iPhoneSimulator.ActiveCfg = Release|Any CPU
		{5FA90186-E5D3-4149-934A-4677D3ECB081}.Release|iPhoneSimulator.Build.0 = Release|Any CPU
		{5FA90186-E5D3-4149-934A-4677D3ECB081}.Release|iPhoneSimulator.Deploy.0 = Release|Any CPU
		{7F5DB56D-9AC7-4D60-B2DC-53A27E6316C1}.Debug|Any CPU.ActiveCfg = Debug|iPhone
		{7F5DB56D-9AC7-4D60-B2DC-53A27E6316C1}.Debug|Any CPU.Build.0 = Debug|iPhone
		{7F5DB56D-9AC7-4D60-B2DC-53A27E6316C1}.Debug|Any CPU.Deploy.0 = Debug|iPhone
		{7F5DB56D-9AC7-4D60-B2DC-53A27E6316C1}.Debug|iPhone.ActiveCfg = Debug|iPhone
		{7F5DB56D-9AC7-4D60-B2DC-53A27E6316C1}.Debug|iPhone.Build.0 = Debug|iPhone
		{7F5DB56D-9AC7-4D60-B2DC-53A27E6316C1}.Debug|iPhone.Deploy.0 = Debug|iPhone
		{7F5DB56D-9AC7-4D60-B2DC-53A27E6316C1}.Debug|iPhoneSimulator.ActiveCfg = Debug|iPhoneSimulator
		{7F5DB56D-9AC7-4D60-B2DC-53A27E6316C1}.Debug|iPhoneSimulator.Build.0 = Debug|iPhoneSimulator
		{7F5DB56D-9AC7-4D60-B2DC-53A27E6316C1}.Debug|iPhoneSimulator.Deploy.0 = Debug|iPhoneSimulator
		{7F5DB56D-9AC7-4D60-B2DC-53A27E6316C1}.Release|Any CPU.ActiveCfg = Release|iPhoneSimulator
		{7F5DB56D-9AC7-4D60-B2DC-53A27E6316C1}.Release|Any CPU.Build.0 = Release|iPhoneSimulator
		{7F5DB56D-9AC7-4D60-B2DC-53A27E6316C1}.Release|Any CPU.Deploy.0 = Release|iPhoneSimulator
		{7F5DB56D-9AC7-4D60-B2DC-53A27E6316C1}.Release|iPhone.ActiveCfg = Release|iPhone
		{7F5DB56D-9AC7-4D60-B2DC-53A27E6316C1}.Release|iPhone.Build.0 = Release|iPhone
		{7F5DB56D-9AC7-4D60-B2DC-53A27E6316C1}.Release|iPhone.Deploy.0 = Release|iPhone
		{7F5DB56D-9AC7-4D60-B2DC-53A27E6316C1}.Release|iPhoneSimulator.ActiveCfg = Release|iPhoneSimulator
		{7F5DB56D-9AC7-4D60-B2DC-53A27E6316C1}.Release|iPhoneSimulator.Build.0 = Release|iPhoneSimulator
		{7F5DB56D-9AC7-4D60-B2DC-53A27E6316C1}.Release|iPhoneSimulator.Deploy.0 = Release|iPhoneSimulator
		{7660B6A8-8FF1-4280-B343-BEFE733A8D01}.Debug|Any CPU.ActiveCfg = Debug|Any CPU
		{7660B6A8-8FF1-4280-B343-BEFE733A8D01}.Debug|Any CPU.Build.0 = Debug|Any CPU
		{7660B6A8-8FF1-4280-B343-BEFE733A8D01}.Debug|Any CPU.Deploy.0 = Debug|Any CPU
		{7660B6A8-8FF1-4280-B343-BEFE733A8D01}.Debug|iPhone.ActiveCfg = Debug|Any CPU
		{7660B6A8-8FF1-4280-B343-BEFE733A8D01}.Debug|iPhone.Build.0 = Debug|Any CPU
		{7660B6A8-8FF1-4280-B343-BEFE733A8D01}.Debug|iPhone.Deploy.0 = Debug|Any CPU
		{7660B6A8-8FF1-4280-B343-BEFE733A8D01}.Debug|iPhoneSimulator.ActiveCfg = Debug|Any CPU
		{7660B6A8-8FF1-4280-B343-BEFE733A8D01}.Debug|iPhoneSimulator.Build.0 = Debug|Any CPU
		{7660B6A8-8FF1-4280-B343-BEFE733A8D01}.Debug|iPhoneSimulator.Deploy.0 = Debug|Any CPU
		{7660B6A8-8FF1-4280-B343-BEFE733A8D01}.Release|Any CPU.ActiveCfg = Release|Any CPU
		{7660B6A8-8FF1-4280-B343-BEFE733A8D01}.Release|Any CPU.Build.0 = Release|Any CPU
		{7660B6A8-8FF1-4280-B343-BEFE733A8D01}.Release|Any CPU.Deploy.0 = Release|Any CPU
		{7660B6A8-8FF1-4280-B343-BEFE733A8D01}.Release|iPhone.ActiveCfg = Release|Any CPU
		{7660B6A8-8FF1-4280-B343-BEFE733A8D01}.Release|iPhone.Build.0 = Release|Any CPU
		{7660B6A8-8FF1-4280-B343-BEFE733A8D01}.Release|iPhone.Deploy.0 = Release|Any CPU
		{7660B6A8-8FF1-4280-B343-BEFE733A8D01}.Release|iPhoneSimulator.ActiveCfg = Release|Any CPU
		{7660B6A8-8FF1-4280-B343-BEFE733A8D01}.Release|iPhoneSimulator.Build.0 = Release|Any CPU
		{7660B6A8-8FF1-4280-B343-BEFE733A8D01}.Release|iPhoneSimulator.Deploy.0 = Release|Any CPU
	EndGlobalSection
	GlobalSection(SolutionProperties) = preSolution
		HideSolutionNode = FALSE
	EndGlobalSection
	GlobalSection(ExtensibilityGlobals) = postSolution
		SolutionGuid = {0B4694BC-F61B-4C67-AB5F-ECA266279507}
	EndGlobalSection
EndGlobal
